<?xml version="1.0" encoding="utf-8"?>
<Project ToolsVersion="4.0" xmlns="http://schemas.microsoft.com/developer/msbuild/2003">
  <ItemGroup>
    <Filter Include="소스 파일">
      <UniqueIdentifier>{4FC737F1-C7A5-4376-A066-2A32D752A2FF}</UniqueIdentifier>
      <Extensions>cpp;c;cc;cxx;c++;cppm;ixx;def;odl;idl;hpj;bat;asm;asmx</Extensions>
    </Filter>
    <Filter Include="헤더 파일">
      <UniqueIdentifier>{93995380-89BD-4b04-88EB-625FBE52EBFB}</UniqueIdentifier>
      <Extensions>h;hh;hpp;hxx;h++;hm;inl;inc;ipp;xsd</Extensions>
    </Filter>
    <Filter Include="리소스 파일">
      <UniqueIdentifier>{67DA6AB6-F800-4c08-8B7A-83BB121AAD01}</UniqueIdentifier>
      <Extensions>rc;ico;cur;bmp;dlg;rc2;rct;bin;rgs;gif;jpg;jpeg;jpe;resx;tiff;tif;png;wav;mfcribbon-ms</Extensions>
    </Filter>
  </ItemGroup>
  <ItemGroup>
    <ClCompile Include="Platform\D3D11\D3D11RendererAPI.cpp">
      <Filter>소스 파일</Filter>
    </ClCompile>
    <ClCompile Include="Core\DrawCommand.h">
      <Filter>헤더 파일</Filter>
    </ClCompile>
    <ClCompile Include="GeometryGenerator.cpp">
      <Filter>소스 파일</Filter>
    </ClCompile>
    <ClCompile Include="Resources\MaterialRegistry.cpp">
      <Filter>소스 파일</Filter>
    </ClCompile>
    <ClCompile Include="Resources\MeshRegistry.cpp">
      <Filter>소스 파일</Filter>
    </ClCompile>
    <ClCompile Include="PipelineState.h">
      <Filter>헤더 파일</Filter>
    </ClCompile>
    <ClCompile Include="Resources\PSORegistry.cpp">
      <Filter>소스 파일</Filter>
    </ClCompile>
    <ClCompile Include="UniformSystem.cpp">
      <Filter>소스 파일</Filter>
    </ClCompile>
    <ClCompile Include="TestApp.cpp">
      <Filter>소스 파일</Filter>
    </ClCompile>
    <ClCompile Include="MeshFactory.cpp">
      <Filter>소스 파일</Filter>
    </ClCompile>
    <ClCompile Include="TransientBufferAllocator.h">
      <Filter>헤더 파일</Filter>
    </ClCompile>
    <ClCompile Include="TextureLoader.h">
      <Filter>헤더 파일</Filter>
    </ClCompile>
    <ClCompile Include="Core\IRenderPass.h">
      <Filter>헤더 파일</Filter>
    </ClCompile>
    <ClCompile Include="Passes\GBufferPass.cpp">
      <Filter>소스 파일</Filter>
    </ClCompile>
    <ClCompile Include="Passes\LightingPass.cpp">
      <Filter>소스 파일</Filter>
    </ClCompile>
    <ClCompile Include="Passes\CompositePass.cpp">
      <Filter>소스 파일</Filter>
    </ClCompile>
    <ClCompile Include="DeferredRenderer.cpp">
      <Filter>소스 파일</Filter>
    </ClCompile>
    <ClCompile Include="Platform\D3D11\D3D11Utils.cpp">
      <Filter>소스 파일</Filter>
    </ClCompile>
    <ClCompile Include="Core\RenderEnums.h">
      <Filter>소스 파일</Filter>
    </ClCompile>
  </ItemGroup>
  <ItemGroup>
    <ClInclude Include="Platform\D3D11\D3D11RendererAPI.h">
      <Filter>헤더 파일</Filter>
    </ClInclude>
    <ClInclude Include="Core\DrawQueue.h">
      <Filter>헤더 파일</Filter>
    </ClInclude>
    <ClInclude Include="GeometryGenerator.h">
      <Filter>헤더 파일</Filter>
    </ClInclude>
    <ClInclude Include="Core\Handle.h">
      <Filter>헤더 파일</Filter>
    </ClInclude>
    <ClInclude Include="Resources\MaterialRegistry.h">
      <Filter>헤더 파일</Filter>
    </ClInclude>
    <ClInclude Include="Resources\MeshRegistry.h">
      <Filter>헤더 파일</Filter>
    </ClInclude>
    <ClInclude Include="Resources\PSORegistry.h">
      <Filter>헤더 파일</Filter>
    </ClInclude>
    <ClInclude Include="Core\RendererAPI.h">
      <Filter>헤더 파일</Filter>
    </ClInclude>
    <ClInclude Include="UniformSystem.h">
      <Filter>헤더 파일</Filter>
    </ClInclude>
    <ClInclude Include="Vertex.h">
      <Filter>헤더 파일</Filter>
    </ClInclude>
    <ClInclude Include="MeshData.h">
      <Filter>헤더 파일</Filter>
    </ClInclude>
    <ClInclude Include="MeshFactory.h">
      <Filter>헤더 파일</Filter>
    </ClInclude>
    <ClInclude Include="View.h">
      <Filter>헤더 파일</Filter>
    </ClInclude>
    <ClInclude Include="Resources\TextureRegistry.h">
      <Filter>헤더 파일</Filter>
    </ClInclude>
    <ClInclude Include="Resources\SamplerRegistry.h">
      <Filter>헤더 파일</Filter>
    </ClInclude>
    <ClInclude Include="Passes\GBufferPass.h">
      <Filter>헤더 파일</Filter>
    </ClInclude>
    <ClInclude Include="Passes\LightingPass.h">
      <Filter>헤더 파일</Filter>
    </ClInclude>
    <ClInclude Include="Passes\CompositePass.h">
      <Filter>헤더 파일</Filter>
    </ClInclude>
    <ClInclude Include="DeferredRenderer.h">
      <Filter>헤더 파일</Filter>
    </ClInclude>
    <ClInclude Include="Core\RenderGraphBuilder.h">
      <Filter>헤더 파일</Filter>
    </ClInclude>
    <ClInclude Include="Core\PassResources.h">
      <Filter>헤더 파일</Filter>
    </ClInclude>
    <ClInclude Include="Core\RenderStates.h">
      <Filter>헤더 파일</Filter>
    </ClInclude>
    <ClInclude Include="Core\RenderGraph.h">
      <Filter>헤더 파일</Filter>
    </ClInclude>
    <ClInclude Include="Platform\D3D11\D3D11Utils.h">
      <Filter>헤더 파일</Filter>
    </ClInclude>
    <ClInclude Include="Core\FlagOps.h">
      <Filter>헤더 파일</Filter>
    </ClInclude>
    <ClInclude Include="Resources\ResourceManager.h">
      <Filter>헤더 파일</Filter>
    </ClInclude>
    <ClInclude Include="Resources\ShaderRegistry.h">
      <Filter>헤더 파일</Filter>
    </ClInclude>
  </ItemGroup>
  <ItemGroup>
    <FxCompile Include="Basic.hlsl">
      <Filter>리소스 파일</Filter>
    </FxCompile>
  </ItemGroup>
  <ItemGroup>
    <Image Include="..\..\Users\tjdwn\Downloads\checker.png">
      <Filter>리소스 파일</Filter>
    </Image>
  </ItemGroup>
</Project>