<?xml version="1.0" encoding="utf-8"?>
<Project ToolsVersion="4.0" xmlns="http://schemas.microsoft.com/developer/msbuild/2003">
  <ItemGroup>
    <Filter Include="소스 파일">
      <UniqueIdentifier>{4FC737F1-C7A5-4376-A066-2A32D752A2FF}</UniqueIdentifier>
      <Extensions>cpp;c;cc;cxx;c++;cppm;ixx;def;odl;idl;hpj;bat;asm;asmx</Extensions>
    </Filter>
    <Filter Include="헤더 파일">
      <UniqueIdentifier>{93995380-89BD-4b04-88EB-625FBE52EBFB}</UniqueIdentifier>
      <Extensions>h;hh;hpp;hxx;h++;hm;inl;inc;ipp;xsd</Extensions>
    </Filter>
    <Filter Include="리소스 파일">
      <UniqueIdentifier>{67DA6AB6-F800-4c08-8B7A-83BB121AAD01}</UniqueIdentifier>
      <Extensions>rc;ico;cur;bmp;dlg;rc2;rct;bin;rgs;gif;jpg;jpeg;jpe;resx;tiff;tif;png;wav;mfcribbon-ms</Extensions>
    </Filter>
  </ItemGroup>
  <ItemGroup>
    <ClCompile Include="LegacyVulkan\Context.cpp">
      <Filter>소스 파일</Filter>
    </ClCompile>
    <ClCompile Include="LegacyVulkan\VulkanTools.cpp">
      <Filter>소스 파일</Filter>
    </ClCompile>
    <ClCompile Include="LegacyVulkan\Logger.cpp">
      <Filter>소스 파일</Filter>
    </ClCompile>
    <ClCompile Include="LegacyVulkan\CommandBuffer.cpp">
      <Filter>소스 파일</Filter>
    </ClCompile>
    <ClCompile Include="LegacyVulkan\DescriptorPool.cpp">
      <Filter>소스 파일</Filter>
    </ClCompile>
    <ClCompile Include="LegacyVulkan\Image2D.cpp">
      <Filter>소스 파일</Filter>
    </ClCompile>
    <ClCompile Include="LegacyVulkan\MappedBuffer.cpp">
      <Filter>소스 파일</Filter>
    </ClCompile>
    <ClCompile Include="LegacyVulkan\Resource.cpp">
      <Filter>소스 파일</Filter>
    </ClCompile>
    <ClCompile Include="LegacyVulkan\BarrierHelper.cpp">
      <Filter>소스 파일</Filter>
    </ClCompile>
    <ClCompile Include="LegacyVulkan\ResourceBinding.cpp">
      <Filter>소스 파일</Filter>
    </ClCompile>
    <ClCompile Include="LegacyVulkan\Sampler.cpp">
      <Filter>소스 파일</Filter>
    </ClCompile>
    <ClCompile Include="LegacyVulkan\Pipeline.cpp">
      <Filter>소스 파일</Filter>
    </ClCompile>
    <ClCompile Include="LegacyVulkan\ShaderManager.cpp">
      <Filter>소스 파일</Filter>
    </ClCompile>
    <ClCompile Include="LegacyVulkan\Shader.cpp">
      <Filter>소스 파일</Filter>
    </ClCompile>
    <ClCompile Include="LegacyVulkan\DescriptorSet.cpp">
      <Filter>소스 파일</Filter>
    </ClCompile>
    <ClCompile Include="LegacyVulkan\Vertex.cpp">
      <Filter>소스 파일</Filter>
    </ClCompile>
    <ClCompile Include="LegacyVulkan\PipelineCompute.cpp">
      <Filter>소스 파일</Filter>
    </ClCompile>
    <ClCompile Include="LegacyVulkan\Window.cpp">
      <Filter>소스 파일</Filter>
    </ClCompile>
    <ClCompile Include="LegacyVulkan\Swapchain.cpp">
      <Filter>소스 파일</Filter>
    </ClCompile>
    <ClCompile Include="LegacyVulkan\GuiRenderer.cpp">
      <Filter>소스 파일</Filter>
    </ClCompile>
    <ClCompile Include="LegacyVulkan\PushConstants.cpp">
      <Filter>소스 파일</Filter>
    </ClCompile>
    <ClCompile Include="LegacyVulkan\Camera.cpp">
      <Filter>소스 파일</Filter>
    </ClCompile>
    <ClCompile Include="LegacyVulkan\Application.cpp">
      <Filter>소스 파일</Filter>
    </ClCompile>
    <ClCompile Include="LegacyVulkan\Mesh.cpp">
      <Filter>소스 파일</Filter>
    </ClCompile>
    <ClCompile Include="LegacyVulkan\Model.cpp">
      <Filter>소스 파일</Filter>
    </ClCompile>
    <ClCompile Include="LegacyVulkan\ModelLoader.cpp">
      <Filter>소스 파일</Filter>
    </ClCompile>
    <ClCompile Include="LegacyVulkan\Renderer.cpp">
      <Filter>소스 파일</Filter>
    </ClCompile>
    <ClCompile Include="LegacyVulkan\GpuTimer.cpp">
      <Filter>소스 파일</Filter>
    </ClCompile>
    <ClCompile Include="LegacyVulkan\PipelineConfig.cpp">
      <Filter>소스 파일</Filter>
    </ClCompile>
    <ClCompile Include="LegacyVulkan\RenderGraph.cpp">
      <Filter>소스 파일</Filter>
    </ClCompile>
    <ClCompile Include="LegacyVulkan\StorageBuffer.cpp">
      <Filter>소스 파일</Filter>
    </ClCompile>
    <ClCompile Include="LegacyVulkan\TextureManager.cpp">
      <Filter>소스 파일</Filter>
    </ClCompile>
    <ClCompile Include="LegacyVulkan\TracyProfiler.cpp">
      <Filter>소스 파일</Filter>
    </ClCompile>
    <ClCompile Include="LegacyVulkan\Material.cpp">
      <Filter>소스 파일</Filter>
    </ClCompile>
    <ClCompile Include="LegacyVulkan\ModelNode.cpp">
      <Filter>소스 파일</Filter>
    </ClCompile>
    <ClCompile Include="LegacyVulkan\Skeleton.cpp">
      <Filter>소스 파일</Filter>
    </ClCompile>
    <ClCompile Include="LegacyVulkan\ViewFrustum.cpp">
      <Filter>소스 파일</Filter>
    </ClCompile>
    <ClCompile Include="LegacyVulkan\ResourceRegistry.cpp">
      <Filter>소스 파일</Filter>
    </ClCompile>
    <ClCompile Include="LegacyVulkan\Cloth\ClothSimulation.cpp">
      <Filter>소스 파일</Filter>
    </ClCompile>
    <ClCompile Include="LegacyVulkan\Cloth\ClothMesh.cpp">
      <Filter>소스 파일</Filter>
    </ClCompile>
    <ClCompile Include="LegacyVulkan\RenderPassManager.cpp">
      <Filter>소스 파일</Filter>
    </ClCompile>
    <ClCompile Include="LegacyVulkan\Cloth\ClothRenderPass.cpp">
      <Filter>소스 파일</Filter>
    </ClCompile>
    <ClCompile Include="LegacyVulkan\Scene.cpp">
      <Filter>소스 파일</Filter>
    </ClCompile>
    <ClCompile Include="LegacyVulkan\InputManager.cpp">
      <Filter>소스 파일</Filter>
    </ClCompile>
    <ClCompile Include="LegacyVulkan\VulkanResourceManager.cpp">
      <Filter>소스 파일</Filter>
    </ClCompile>
    <ClCompile Include="LegacyVulkan\RenderGraphBuilder.cpp">
      <Filter>소스 파일</Filter>
    </ClCompile>
    <ClCompile Include="RHI\Core\RHIType.h">
      <Filter>소스 파일</Filter>
    </ClCompile>
    <ClCompile Include="RHI\Vulkan\VulkanUtil.cpp">
      <Filter>소스 파일</Filter>
    </ClCompile>
    <ClCompile Include="RHI\Core\RHI.cpp">
      <Filter>소스 파일</Filter>
    </ClCompile>
    <ClCompile Include="RHI\Util\RHIFactory.cpp">
      <Filter>소스 파일</Filter>
    </ClCompile>
    <ClCompile Include="RHI\Util\RHIValidation.cpp">
      <Filter>소스 파일</Filter>
    </ClCompile>
    <ClCompile Include="RHI\Util\RHIDebug.cpp">
      <Filter>소스 파일</Filter>
    </ClCompile>
    <ClCompile Include="RHI\Vulkan\Resources\VulkanBuffer.cpp">
      <Filter>소스 파일</Filter>
    </ClCompile>
    <ClCompile Include="RHI\Vulkan\Resources\VulkanShader.cpp">
      <Filter>소스 파일</Filter>
    </ClCompile>
    <ClCompile Include="RHI\Vulkan\Conversion\TypeConversion.cpp">
      <Filter>소스 파일</Filter>
    </ClCompile>
    <ClCompile Include="RHI\Vulkan\Resources\VulkanImage.cpp">
      <Filter>소스 파일</Filter>
    </ClCompile>
    <ClCompile Include="RHI\Vulkan\Pipeline\VulkanPipeline.cpp">
      <Filter>소스 파일</Filter>
    </ClCompile>
    <ClCompile Include="RHI\Vulkan\Pipeline\VulkanRenderPass.cpp">
      <Filter>소스 파일</Filter>
    </ClCompile>
    <ClCompile Include="RHI\Vulkan\Pipeline\VulkanFramebuffer.cpp">
      <Filter>소스 파일</Filter>
    </ClCompile>
    <ClCompile Include="RHI\Vulkan\Pipeline\VulkanDescriptor.cpp">
      <Filter>소스 파일</Filter>
    </ClCompile>
    <ClCompile Include="RHI\Vulkan\Commands\VulkanCommandBuffer.cpp">
      <Filter>소스 파일</Filter>
    </ClCompile>
    <ClCompile Include="RHI\Vulkan\Commands\VulkanCommandPool.cpp">
      <Filter>소스 파일</Filter>
    </ClCompile>
    <ClCompile Include="RHI\Vulkan\Commands\VulkanQueue.cpp">
      <Filter>소스 파일</Filter>
    </ClCompile>
    <ClCompile Include="RHI\Vulkan\Sync\VulkanFence.cpp">
      <Filter>소스 파일</Filter>
    </ClCompile>
    <ClCompile Include="RHI\Vulkan\Sync\VulkanSemaphore.cpp">
      <Filter>소스 파일</Filter>
    </ClCompile>
    <ClCompile Include="RHI\Vulkan\Sync\VulkanEvent.cpp">
      <Filter>소스 파일</Filter>
    </ClCompile>
    <ClCompile Include="RHI\Vulkan\Resources\VulkanSampler.cpp">
      <Filter>소스 파일</Filter>
    </ClCompile>
    <ClCompile Include="RHI\Vulkan\Resources\VulkanTexture.cpp">
      <Filter>소스 파일</Filter>
    </ClCompile>
    <ClCompile Include="RHI\Vulkan\Utilities\VulkanMemoryAllocator.cpp">
      <Filter>소스 파일</Filter>
    </ClCompile>
    <ClCompile Include="RHI\Vulkan\Utilities\VulkanDebug.cpp">
      <Filter>소스 파일</Filter>
    </ClCompile>
    <ClCompile Include="RHI\Vulkan\Core\VulkanContext.cpp">
      <Filter>소스 파일</Filter>
    </ClCompile>
    <ClCompile Include="RHI\Vulkan\VulkanRHI.cpp">
      <Filter>소스 파일</Filter>
    </ClCompile>
    <ClCompile Include="RHI\Vulkan\Pipeline\VulkanPipelineLayout.cpp">
      <Filter>소스 파일</Filter>
    </ClCompile>
    <ClCompile Include="RenderPass\RenderGraph\RGGraph.cpp">
      <Filter>소스 파일</Filter>
    </ClCompile>
    <ClCompile Include="Examples\RenderGraph_Example.cpp">
      <Filter>소스 파일</Filter>
    </ClCompile>
    <ClCompile Include="Core\Logger.cpp">
      <Filter>소스 파일</Filter>
    </ClCompile>
    <ClCompile Include="RenderPass\DeferredRendererRG.cpp">
      <Filter>소스 파일</Filter>
    </ClCompile>
    <ClCompile Include="RenderPass\RGPassBase.cpp">
      <Filter>소스 파일</Filter>
    </ClCompile>
    <ClCompile Include="RenderPass\GBufferPassRG.cpp">
      <Filter>소스 파일</Filter>
    </ClCompile>
    <ClCompile Include="RenderPass\ShadowPassRG.cpp">
      <Filter>소스 파일</Filter>
    </ClCompile>
    <ClCompile Include="RenderPass\LightingPassRG.cpp">
      <Filter>소스 파일</Filter>
    </ClCompile>
    <ClCompile Include="RenderPass\ForwardPassRG.cpp">
      <Filter>소스 파일</Filter>
    </ClCompile>
    <ClCompile Include="RenderPass\PostProcessPassRG.cpp">
      <Filter>소스 파일</Filter>
    </ClCompile>
    <ClCompile Include="RenderPass\GUIPassRG.cpp">
      <Filter>소스 파일</Filter>
    </ClCompile>
    <ClCompile Include="RenderPass\RenderGraph\RGBuilder.cpp">
      <Filter>소스 파일</Filter>
    </ClCompile>
    <ClCompile Include="Scene\Animation.cpp">
      <Filter>소스 파일</Filter>
    </ClCompile>
    <ClCompile Include="Core\RHIApplication.cpp">
      <Filter>소스 파일</Filter>
    </ClCompile>
    <ClCompile Include="Core\RHIScene.cpp">
      <Filter>소스 파일</Filter>
    </ClCompile>
    <ClCompile Include="RenderPass\RHIForwardPassRG.cpp">
      <Filter>소스 파일</Filter>
    </ClCompile>
    <ClCompile Include="Core\RHIModel.cpp">
      <Filter>소스 파일</Filter>
    </ClCompile>
    <ClCompile Include="Rendering\RHIRenderer.cpp">
      <Filter>소스 파일</Filter>
    </ClCompile>
    <ClCompile Include="Rendering\RHIMaterial.cpp">
      <Filter>소스 파일</Filter>
    </ClCompile>
    <ClCompile Include="Rendering\RHIMesh.cpp">
      <Filter>소스 파일</Filter>
    </ClCompile>
    <ClCompile Include="Core\InputManager.cpp">
      <Filter>소스 파일</Filter>
    </ClCompile>
    <ClCompile Include="Scene\RHICamera.cpp">
      <Filter>소스 파일</Filter>
    </ClCompile>
    <ClCompile Include="Rendering\RHIViewFrustum.cpp">
      <Filter>소스 파일</Filter>
    </ClCompile>
    <ClCompile Include="RHI\Vulkan\Core\VulkanSwapchain.cpp">
      <Filter>소스 파일</Filter>
    </ClCompile>
    <ClCompile Include="RHI\Vulkan\Utilities\VulkanBarrier.cpp">
      <Filter>소스 파일</Filter>
    </ClCompile>
    <ClCompile Include="RHI\Vulkan\Pipeline\VulkanDescriptorAllocator.cpp">
      <Filter>소스 파일</Filter>
    </ClCompile>
    <ClCompile Include="RHI\Vulkan\Utilities\VulkanDynamicRendering.cpp">
      <Filter>소스 파일</Filter>
    </ClCompile>
    <ClCompile Include="RHI\Vulkan\Pipeline\VulkanPipelineCache.cpp">
      <Filter>소스 파일</Filter>
    </ClCompile>
    <ClCompile Include="RHI\Vulkan\Utilities\VulkanResourceCache.cpp">
      <Filter>소스 파일</Filter>
    </ClCompile>
    <ClCompile Include="Platform\GLFWWindow.cpp">
      <Filter>소스 파일</Filter>
    </ClCompile>
    <ClCompile Include="Platform\WindowFactory.cpp">
      <Filter>소스 파일</Filter>
    </ClCompile>
    <ClCompile Include="RHI\Resources\RHIShaderReflection.cpp">
      <Filter>소스 파일</Filter>
    </ClCompile>
    <ClCompile Include="RHI\Vulkan\Resources\VulkanShaderReflection.cpp">
      <Filter>소스 파일</Filter>
    </ClCompile>
    <ClCompile Include="RHI\Resources\RHITextureLoader.cpp">
      <Filter>소스 파일</Filter>
    </ClCompile>
    <ClCompile Include="Utils\TextureLoader.cpp">
      <Filter>소스 파일</Filter>
    </ClCompile>
  </ItemGroup>
  <ItemGroup>
    <ClInclude Include="View.h">
      <Filter>헤더 파일</Filter>
    </ClInclude>
    <ClInclude Include="Resources\TextureRegistry.h">
      <Filter>헤더 파일</Filter>
    </ClInclude>
    <ClInclude Include="Resources\SamplerRegistry.h">
      <Filter>헤더 파일</Filter>
    </ClInclude>
    <ClInclude Include="Core\RenderGraphBuilder.h">
      <Filter>헤더 파일</Filter>
    </ClInclude>
    <ClInclude Include="Resources\ShaderRegistry.h">
      <Filter>헤더 파일</Filter>
    </ClInclude>
    <ClInclude Include="Scene\Light\Light.h">
      <Filter>헤더 파일</Filter>
    </ClInclude>
    <ClInclude Include="LegacyVulkan\Context.h">
      <Filter>헤더 파일</Filter>
    </ClInclude>
    <ClInclude Include="LegacyVulkan\VulkanTools.h">
      <Filter>헤더 파일</Filter>
    </ClInclude>
    <ClInclude Include="LegacyVulkan\Logger.h">
      <Filter>헤더 파일</Filter>
    </ClInclude>
    <ClInclude Include="LegacyVulkan\CommandBuffer.h">
      <Filter>헤더 파일</Filter>
    </ClInclude>
    <ClInclude Include="LegacyVulkan\DescriptorPool.h">
      <Filter>헤더 파일</Filter>
    </ClInclude>
    <ClInclude Include="LegacyVulkan\Image2D.h">
      <Filter>헤더 파일</Filter>
    </ClInclude>
    <ClInclude Include="LegacyVulkan\MappedBuffer.h">
      <Filter>헤더 파일</Filter>
    </ClInclude>
    <ClInclude Include="LegacyVulkan\Resource.h">
      <Filter>헤더 파일</Filter>
    </ClInclude>
    <ClInclude Include="LegacyVulkan\BarrierHelper.h">
      <Filter>헤더 파일</Filter>
    </ClInclude>
    <ClInclude Include="LegacyVulkan\ResourceBinding.h">
      <Filter>헤더 파일</Filter>
    </ClInclude>
    <ClInclude Include="LegacyVulkan\Sampler.h">
      <Filter>헤더 파일</Filter>
    </ClInclude>
    <ClInclude Include="LegacyVulkan\Pipeline.h">
      <Filter>헤더 파일</Filter>
    </ClInclude>
    <ClInclude Include="LegacyVulkan\PipelineConfig.h">
      <Filter>헤더 파일</Filter>
    </ClInclude>
    <ClInclude Include="LegacyVulkan\ShaderManager.h">
      <Filter>헤더 파일</Filter>
    </ClInclude>
    <ClInclude Include="LegacyVulkan\Shader.h">
      <Filter>헤더 파일</Filter>
    </ClInclude>
    <ClInclude Include="LegacyVulkan\DescriptorSet.h">
      <Filter>헤더 파일</Filter>
    </ClInclude>
    <ClInclude Include="LegacyVulkan\Vertex.h">
      <Filter>헤더 파일</Filter>
    </ClInclude>
    <ClInclude Include="LegacyVulkan\Window.h">
      <Filter>헤더 파일</Filter>
    </ClInclude>
    <ClInclude Include="LegacyVulkan\Swapchain.h">
      <Filter>헤더 파일</Filter>
    </ClInclude>
    <ClInclude Include="LegacyVulkan\GuiRenderer.h">
      <Filter>헤더 파일</Filter>
    </ClInclude>
    <ClInclude Include="LegacyVulkan\PushConstants.h">
      <Filter>헤더 파일</Filter>
    </ClInclude>
    <ClInclude Include="LegacyVulkan\Camera.h">
      <Filter>헤더 파일</Filter>
    </ClInclude>
    <ClInclude Include="LegacyVulkan\Application.h">
      <Filter>헤더 파일</Filter>
    </ClInclude>
    <ClInclude Include="LegacyVulkan\Material.h">
      <Filter>헤더 파일</Filter>
    </ClInclude>
    <ClInclude Include="LegacyVulkan\Model.h">
      <Filter>헤더 파일</Filter>
    </ClInclude>
    <ClInclude Include="LegacyVulkan\Renderer.h">
      <Filter>헤더 파일</Filter>
    </ClInclude>
    <ClInclude Include="LegacyVulkan\GpuTimer.h">
      <Filter>헤더 파일</Filter>
    </ClInclude>
    <ClInclude Include="LegacyVulkan\RenderGraph.h">
      <Filter>헤더 파일</Filter>
    </ClInclude>
    <ClInclude Include="LegacyVulkan\StorageBuffer.h">
      <Filter>헤더 파일</Filter>
    </ClInclude>
    <ClInclude Include="LegacyVulkan\TextureManager.h">
      <Filter>헤더 파일</Filter>
    </ClInclude>
    <ClInclude Include="LegacyVulkan\TracyProfiler.h">
      <Filter>헤더 파일</Filter>
    </ClInclude>
    <ClInclude Include="LegacyVulkan\Mesh.h">
      <Filter>헤더 파일</Filter>
    </ClInclude>
    <ClInclude Include="LegacyVulkan\ModelLoader.h">
      <Filter>헤더 파일</Filter>
    </ClInclude>
    <ClInclude Include="LegacyVulkan\ModelNode.h">
      <Filter>헤더 파일</Filter>
    </ClInclude>
    <ClInclude Include="LegacyVulkan\Skeleton.h">
      <Filter>헤더 파일</Filter>
    </ClInclude>
    <ClInclude Include="LegacyVulkan\ViewFrustum.h">
      <Filter>헤더 파일</Filter>
    </ClInclude>
    <ClInclude Include="LegacyVulkan\ResourceHandle.h">
      <Filter>헤더 파일</Filter>
    </ClInclude>
    <ClInclude Include="LegacyVulkan\ResourceRegistry.h">
      <Filter>헤더 파일</Filter>
    </ClInclude>
    <ClInclude Include="LegacyVulkan\Cloth\ClothConfig.h">
      <Filter>헤더 파일</Filter>
    </ClInclude>
    <ClInclude Include="LegacyVulkan\Cloth\ClothSimulation.h">
      <Filter>헤더 파일</Filter>
    </ClInclude>
    <ClInclude Include="LegacyVulkan\Cloth\ClothMesh.h">
      <Filter>헤더 파일</Filter>
    </ClInclude>
    <ClInclude Include="LegacyVulkan\IRenderPass.h">
      <Filter>헤더 파일</Filter>
    </ClInclude>
    <ClInclude Include="LegacyVulkan\RenderPassManager.h">
      <Filter>헤더 파일</Filter>
    </ClInclude>
    <ClInclude Include="LegacyVulkan\Cloth\ClothRenderPass.h">
      <Filter>헤더 파일</Filter>
    </ClInclude>
    <ClInclude Include="LegacyVulkan\EngineConfig.h">
      <Filter>헤더 파일</Filter>
    </ClInclude>
    <ClInclude Include="LegacyVulkan\Scene.h">
      <Filter>헤더 파일</Filter>
    </ClInclude>
    <ClInclude Include="LegacyVulkan\IApplicationListener.h">
      <Filter>헤더 파일</Filter>
    </ClInclude>
    <ClInclude Include="LegacyVulkan\InputManager.h">
      <Filter>헤더 파일</Filter>
    </ClInclude>
    <ClInclude Include="LegacyVulkan\VulkanResourceManager.h">
      <Filter>헤더 파일</Filter>
    </ClInclude>
    <ClInclude Include="LegacyVulkan\RenderGraphBuilder.h">
      <Filter>헤더 파일</Filter>
    </ClInclude>
    <ClInclude Include="RHI\Core\RHI.h">
      <Filter>헤더 파일</Filter>
    </ClInclude>
    <ClInclude Include="RHI\Vulkan\VulkanStructs.h">
      <Filter>헤더 파일</Filter>
    </ClInclude>
    <ClInclude Include="RHI\Vulkan\VulkanRHI.h">
      <Filter>헤더 파일</Filter>
    </ClInclude>
    <ClInclude Include="RHI\Vulkan\VulkanUtil.h">
      <Filter>헤더 파일</Filter>
    </ClInclude>
    <ClInclude Include="RHI\Core\RHIDefinitions.h">
      <Filter>헤더 파일</Filter>
    </ClInclude>
    <ClInclude Include="RHI\Resources\RHIResources.h">
      <Filter>헤더 파일</Filter>
    </ClInclude>
    <ClInclude Include="RHI\Resources\RHIBuffer.h">
      <Filter>헤더 파일</Filter>
    </ClInclude>
    <ClInclude Include="RHI\Resources\RHIImage.h">
      <Filter>헤더 파일</Filter>
    </ClInclude>
    <ClInclude Include="RHI\Resources\RHITexture.h">
      <Filter>헤더 파일</Filter>
    </ClInclude>
    <ClInclude Include="RHI\Resources\RHISampler.h">
      <Filter>헤더 파일</Filter>
    </ClInclude>
    <ClInclude Include="RHI\Resources\RHIShader.h">
      <Filter>헤더 파일</Filter>
    </ClInclude>
    <ClInclude Include="RHI\Resources\RHIRenderTarget.h">
      <Filter>헤더 파일</Filter>
    </ClInclude>
    <ClInclude Include="RHI\Resources\RHIDevice.h">
      <Filter>헤더 파일</Filter>
    </ClInclude>
    <ClInclude Include="RHI\Resources\RHIResource.h">
      <Filter>헤더 파일</Filter>
    </ClInclude>
    <ClInclude Include="RHI\Pipeline\RHIPipeline.h">
      <Filter>헤더 파일</Filter>
    </ClInclude>
    <ClInclude Include="RHI\Pipeline\RHIPipelineLayout.h">
      <Filter>헤더 파일</Filter>
    </ClInclude>
    <ClInclude Include="RHI\Pipeline\RHIRenderPass.h">
      <Filter>헤더 파일</Filter>
    </ClInclude>
    <ClInclude Include="RHI\Pipeline\RHIFramebuffer.h">
      <Filter>헤더 파일</Filter>
    </ClInclude>
    <ClInclude Include="RHI\Pipeline\RHIDescriptor.h">
      <Filter>헤더 파일</Filter>
    </ClInclude>
    <ClInclude Include="RHI\Pipeline\RHIPipelineState.h">
      <Filter>헤더 파일</Filter>
    </ClInclude>
    <ClInclude Include="RHI\Commands\RHICommandBuffer.h">
      <Filter>헤더 파일</Filter>
    </ClInclude>
    <ClInclude Include="RHI\Commands\RHICommandPool.h">
      <Filter>헤더 파일</Filter>
    </ClInclude>
    <ClInclude Include="RHI\Commands\RHICommandQueue.h">
      <Filter>헤더 파일</Filter>
    </ClInclude>
    <ClInclude Include="RHI\Synchronization\RHIFence.h">
      <Filter>헤더 파일</Filter>
    </ClInclude>
    <ClInclude Include="RHI\Synchronization\RHISemaphore.h">
      <Filter>헤더 파일</Filter>
    </ClInclude>
    <ClInclude Include="RHI\Synchronization\RHIEvent.h">
      <Filter>헤더 파일</Filter>
    </ClInclude>
    <ClInclude Include="RHI\Structs\RHIStructs.h">
      <Filter>헤더 파일</Filter>
    </ClInclude>
    <ClInclude Include="RHI\Util\RHIFactory.h">
      <Filter>헤더 파일</Filter>
    </ClInclude>
    <ClInclude Include="RHI\Util\RHIValidation.h">
      <Filter>헤더 파일</Filter>
    </ClInclude>
    <ClInclude Include="RHI\Util\RHIDebug.h">
      <Filter>헤더 파일</Filter>
    </ClInclude>
    <ClInclude Include="RHI\Vulkan\Resources\VulkanBuffer.h">
      <Filter>헤더 파일</Filter>
    </ClInclude>
    <ClInclude Include="RHI\Vulkan\Resources\VulkanImage.h">
      <Filter>헤더 파일</Filter>
    </ClInclude>
    <ClInclude Include="RHI\Vulkan\Resources\VulkanShader.h">
      <Filter>헤더 파일</Filter>
    </ClInclude>
    <ClInclude Include="RHI\Vulkan\Conversion\TypeConversion.h">
      <Filter>헤더 파일</Filter>
    </ClInclude>
    <ClInclude Include="RHI\Vulkan\Pipeline\VulkanPipeline.h">
      <Filter>헤더 파일</Filter>
    </ClInclude>
    <ClInclude Include="RHI\Vulkan\Pipeline\VulkanRenderPass.h">
      <Filter>헤더 파일</Filter>
    </ClInclude>
    <ClInclude Include="RHI\Vulkan\Pipeline\VulkanFramebuffer.h">
      <Filter>헤더 파일</Filter>
    </ClInclude>
    <ClInclude Include="RHI\Vulkan\Pipeline\VulkanDescriptor.h">
      <Filter>헤더 파일</Filter>
    </ClInclude>
    <ClInclude Include="RHI\Vulkan\Commands\VulkanCommandBuffer.h">
      <Filter>헤더 파일</Filter>
    </ClInclude>
    <ClInclude Include="RHI\Vulkan\Commands\VulkanCommandPool.h">
      <Filter>헤더 파일</Filter>
    </ClInclude>
    <ClInclude Include="RHI\Vulkan\Commands\VulkanQueue.h">
      <Filter>헤더 파일</Filter>
    </ClInclude>
    <ClInclude Include="RHI\Vulkan\Sync\VulkanFence.h">
      <Filter>헤더 파일</Filter>
    </ClInclude>
    <ClInclude Include="RHI\Vulkan\Sync\VulkanSemaphore.h">
      <Filter>헤더 파일</Filter>
    </ClInclude>
    <ClInclude Include="RHI\Vulkan\Sync\VulkanEvent.h">
      <Filter>헤더 파일</Filter>
    </ClInclude>
    <ClInclude Include="RHI\Vulkan\Resources\VulkanSampler.h">
      <Filter>헤더 파일</Filter>
    </ClInclude>
    <ClInclude Include="RHI\Vulkan\Resources\VulkanTexture.h">
      <Filter>헤더 파일</Filter>
    </ClInclude>
    <ClInclude Include="RHI\Vulkan\Utilities\VulkanMemoryAllocator.h">
      <Filter>헤더 파일</Filter>
    </ClInclude>
    <ClInclude Include="RHI\Vulkan\Utilities\VulkanDebug.h">
      <Filter>헤더 파일</Filter>
    </ClInclude>
    <ClInclude Include="RHI\Core\RHISwapchain.h">
      <Filter>헤더 파일</Filter>
    </ClInclude>
    <ClInclude Include="RHI\Vulkan\Core\VulkanContext.h">
      <Filter>헤더 파일</Filter>
    </ClInclude>
    <ClInclude Include="RHI\Vulkan\Pipeline\VulkanPipelineLayout.h">
      <Filter>헤더 파일</Filter>
    </ClInclude>
    <ClInclude Include="RenderPass\RenderGraph\RGTypes.h">
      <Filter>헤더 파일</Filter>
    </ClInclude>
    <ClInclude Include="RenderPass\RenderGraph\RGBuilder.h">
      <Filter>헤더 파일</Filter>
    </ClInclude>
    <ClInclude Include="RenderPass\RenderGraph\RGGraph.h">
      <Filter>헤더 파일</Filter>
    </ClInclude>
    <ClInclude Include="Core\Logger.h">
      <Filter>헤더 파일</Filter>
    </ClInclude>
    <ClInclude Include="RenderPass\DeferredRendererRG.h">
      <Filter>헤더 파일</Filter>
    </ClInclude>
    <ClInclude Include="RenderPass\RGPassBase.h">
      <Filter>헤더 파일</Filter>
    </ClInclude>
    <ClInclude Include="RenderPass\GBufferPassRG.h">
      <Filter>헤더 파일</Filter>
    </ClInclude>
    <ClInclude Include="RenderPass\ShadowPassRG.h">
      <Filter>헤더 파일</Filter>
    </ClInclude>
    <ClInclude Include="RenderPass\LightingPassRG.h">
      <Filter>헤더 파일</Filter>
    </ClInclude>
    <ClInclude Include="RenderPass\ForwardPassRG.h">
      <Filter>헤더 파일</Filter>
    </ClInclude>
    <ClInclude Include="RenderPass\PostProcessPassRG.h">
      <Filter>헤더 파일</Filter>
    </ClInclude>
    <ClInclude Include="RenderPass\GUIPassRG.h">
      <Filter>헤더 파일</Filter>
    </ClInclude>
    <ClInclude Include="Scene\Animation.h">
      <Filter>헤더 파일</Filter>
    </ClInclude>
    <ClInclude Include="Core\RHIApplication.h">
      <Filter>헤더 파일</Filter>
    </ClInclude>
    <ClInclude Include="Core\RHIScene.h">
      <Filter>헤더 파일</Filter>
    </ClInclude>
    <ClInclude Include="Core\RHIModel.h">
      <Filter>헤더 파일</Filter>
    </ClInclude>
    <ClInclude Include="RenderPass\RHIForwardPassRG.h">
      <Filter>헤더 파일</Filter>
    </ClInclude>
    <ClInclude Include="Rendering\RHIRenderer.h">
      <Filter>헤더 파일</Filter>
    </ClInclude>
    <ClInclude Include="Rendering\RHIMaterial.h">
      <Filter>헤더 파일</Filter>
    </ClInclude>
    <ClInclude Include="Rendering\RHIVertex.h">
      <Filter>헤더 파일</Filter>
    </ClInclude>
    <ClInclude Include="Rendering\RHIMesh.h">
      <Filter>헤더 파일</Filter>
    </ClInclude>
    <ClInclude Include="Core\InputManager.h">
      <Filter>헤더 파일</Filter>
    </ClInclude>
    <ClInclude Include="Core\EngineConfig.h">
      <Filter>헤더 파일</Filter>
    </ClInclude>
    <ClInclude Include="Scene\RHICamera.h">
      <Filter>헤더 파일</Filter>
    </ClInclude>
    <ClInclude Include="Rendering\RHIViewFrustum.h">
      <Filter>헤더 파일</Filter>
    </ClInclude>
    <ClInclude Include="Core\IApplicationListener.h">
      <Filter>헤더 파일</Filter>
    </ClInclude>
    <ClInclude Include="RHI\Vulkan\Core\VulkanSwapchain.h">
      <Filter>헤더 파일</Filter>
    </ClInclude>
    <ClInclude Include="RHI\Vulkan\Utilities\VulkanBarrier.h">
      <Filter>헤더 파일</Filter>
    </ClInclude>
    <ClInclude Include="RHI\Vulkan\Resources\VulkanShaderReflection.h">
      <Filter>헤더 파일</Filter>
    </ClInclude>
    <ClInclude Include="RHI\Vulkan\Pipeline\VulkanDescriptorAllocator.h">
      <Filter>헤더 파일</Filter>
    </ClInclude>
    <ClInclude Include="RHI\Vulkan\Utilities\VulkanDynamicRendering.h">
      <Filter>헤더 파일</Filter>
    </ClInclude>
    <ClInclude Include="RHI\Vulkan\Pipeline\VulkanPipelineCache.h">
      <Filter>헤더 파일</Filter>
    </ClInclude>
    <ClInclude Include="RHI\Vulkan\Utilities\VulkanResourceCache.h">
      <Filter>헤더 파일</Filter>
    </ClInclude>
    <ClInclude Include="Platform\IWindow.h">
      <Filter>헤더 파일</Filter>
    </ClInclude>
    <ClInclude Include="Platform\GLFWWindow.h">
      <Filter>헤더 파일</Filter>
    </ClInclude>
    <ClInclude Include="Platform\WindowFactory.h">
      <Filter>헤더 파일</Filter>
    </ClInclude>
    <ClInclude Include="RHI\Resources\RHIShaderReflection.h">
      <Filter>헤더 파일</Filter>
    </ClInclude>
    <ClInclude Include="RHI\Resources\RHITextureLoader.h">
      <Filter>헤더 파일</Filter>
    </ClInclude>
    <ClInclude Include="Utils\TextureLoader.h">
      <Filter>헤더 파일</Filter>
    </ClInclude>
    <ClInclude Include="RHI\Core\RHIHandle.h">
      <Filter>헤더 파일</Filter>
    </ClInclude>
    <ClInclude Include="RHI\Core\RHIResourcePool.h">
      <Filter>헤더 파일</Filter>
    </ClInclude>
    <ClInclude Include="RHI\Structs\RHIBufferStructs.h">
      <Filter>헤더 파일</Filter>
    </ClInclude>
    <ClInclude Include="RHI\Structs\RHICommandStructs.h">
      <Filter>헤더 파일</Filter>
    </ClInclude>
    <ClInclude Include="RHI\Structs\RHICommonStructs.h">
      <Filter>헤더 파일</Filter>
    </ClInclude>
    <ClInclude Include="RHI\Structs\RHIDescriptorStructs.h">
      <Filter>헤더 파일</Filter>
    </ClInclude>
    <ClInclude Include="RHI\Structs\RHIDeviceStructs.h">
      <Filter>헤더 파일</Filter>
    </ClInclude>
    <ClInclude Include="RHI\Structs\RHIImageStructs.h">
      <Filter>헤더 파일</Filter>
    </ClInclude>
    <ClInclude Include="RHI\Structs\RHIPipelineStructs.h">
      <Filter>헤더 파일</Filter>
    </ClInclude>
    <ClInclude Include="RHI\Structs\RHIRenderPassStructs.h">
      <Filter>헤더 파일</Filter>
    </ClInclude>
    <ClInclude Include="RHI\Structs\RHIShaderStructs.h">
      <Filter>헤더 파일</Filter>
    </ClInclude>
    <ClInclude Include="RHI\Structs\RHISyncStructs.h">
      <Filter>헤더 파일</Filter>
    </ClInclude>
  </ItemGroup>
  <ItemGroup>
    <None Include="docs\ResourceHandleSystem.md" />
    <None Include="docs\ResourceHandleSystemProgress.md" />
    <None Include="docs\Phase2_CompletionGuide.md" />
    <None Include="assets\shaders\cloth\cloth_integrate.comp" />
    <None Include="assets\shaders\cloth\cloth_constraints.comp" />
    <None Include="assets\shaders\cloth\cloth_normals.comp" />
    <None Include="compile_cloth_shaders.bat">
      <Filter>소스 파일</Filter>
    </None>
    <None Include="assets\shaders\cloth\cloth.vert" />
    <None Include="assets\shaders\cloth\cloth.frag" />
    <None Include="Docs\VulkanClasses.md" />
    <None Include="Docs\BinRenderer\ShaderManager.md" />
    <None Include="Docs\BinRenderer\Pipeline.md" />
    <None Include="Docs\BinRenderer\Resource.md" />
    <None Include="Docs\BinRenderer\Image2D.md" />
    <None Include="Docs\BinRenderer\StorageBuffer.md" />
    <None Include="Docs\BinRenderer\BarrierHelper.md" />
    <None Include="Docs\BinRenderer\ResourceBinding.md" />
    <None Include="Docs\BinRenderer\Renderer.md" />
    <None Include="Docs\VulkanArchitecture.canvas" />
    <None Include="Docs\BinRenderer\CommandBuffer.md" />
    <None Include="Docs\BinRenderer\Sampler.md" />
    <None Include="Docs\BinRenderer\Camera.md" />
    <None Include="Docs\BinRenderer\Model.md" />
    <None Include="Docs\BinRenderer\RenderGraph.md" />
    <None Include="Docs\BinRenderer\MappedBuffer.md" />
    <None Include="Docs\BinRenderer\PipelineConfig.md" />
    <None Include="Docs\BinRenderer\Material.md" />
    <None Include="Docs\BinRenderer\Context.md" />
    <None Include="Docs\BinRenderer\DescriptorPool.md" />
    <None Include="Docs\BinRenderer\DescriptorSet.md" />
    <None Include="docs\RenderPassManager_Guide.md" />
    <None Include="docs\High_Priority_Refactoring_Guide.md" />
    <None Include="docs\Memory_Exhaustion_Fix_Guide.md" />
    <None Include="docs\StorageBuffer_OOM_Debug_Guide.md" />
    <None Include="docs\Device_Lost_Error_Fix.md" />
    <None Include="docs\Material_Update_Device_Lost_Fix.md" />
    <None Include="RenderPass\RenderGraph\README.md" />
    <None Include="RenderPass\RenderGraph\QUICK_START.md" />
    <None Include="Docs\RenderGraph_Guide.md" />
    <None Include="Docs\RenderGraph_Implementation_Summary.md" />
    <None Include="Docs\Logger_Migration.md" />
    <None Include="Docs\VulkanHeadlessMode_Fix.md" />
    <None Include="Docs\DeferredRenderer_RenderGraph_Migration.md" />
    <None Include="Docs\RenderPass_RGPass_Migration.md" />
    <None Include="Docs\RGPass_Removal_Summary.md" />
    <None Include="Docs\RenderPass_Cleanup_Summary.md" />
    <None Include="Docs\RenderGraph_Migration_Complete.md" />
    <None Include="Docs\CircularInclude_Fix.md" />
    <None Include="Docs\Protected_Member_Access_Fix.md" />
    <None Include="docs\RHI_Migration_Guide.md" />
    <None Include="docs\RHI_Migration_Complete_Summary.md" />
    <None Include="assets\shaders\simple.vert" />
    <None Include="assets\shaders\simple.frag" />
  </ItemGroup>
</Project>